
Microsoft Visual Studio Solution File, Format Version 12.00
# Visual Studio Version 16
VisualStudioVersion = 16.0.30621.155
MinimumVisualStudioVersion = 10.0.40219.1
Project("{9A19103F-16F7-4668-BE54-9A1E7A4F7556}") = "ShopsRUs.CalculatorApi", "ShopsRUs.API.Calculator\ShopsRUs.CalculatorApi.csproj", "{BE4D5D64-6D41-4DBB-9F20-5B2B41529E65}"
EndProject
Project("{9A19103F-16F7-4668-BE54-9A1E7A4F7556}") = "ShopsRUs.Model", "ShopsRUs.Model\ShopsRUs.Model.csproj", "{2B0D4FAF-2A7B-4A47-9915-596846FC7DCB}"
EndProject
Project("{9A19103F-16F7-4668-BE54-9A1E7A4F7556}") = "ShopsRUs.Business", "ShopsRUs.Business\ShopsRUs.Business.csproj", "{2CABA342-707F-4620-A9D9-47AFA80A3F18}"
EndProject
Project("{9A19103F-16F7-4668-BE54-9A1E7A4F7556}") = "ShopsRUs.MSTest", "ShopsRUs .MSTest\ShopsRUs.MSTest.csproj", "{0E53479C-56AC-473E-AEC7-07FC216B8863}"
EndProject
Project("{9A19103F-16F7-4668-BE54-9A1E7A4F7556}") = "ShopsRUs.DataAccess", "ShopsRUs.DataAccess\ShopsRUs.DataAccess.csproj", "{5CA8673B-8671-404F-AA6F-45E262952AD5}"
EndProject
Global
	GlobalSection(SolutionConfigurationPlatforms) = preSolution
		Debug|Any CPU = Debug|Any CPU
		Release|Any CPU = Release|Any CPU
	EndGlobalSection
	GlobalSection(ProjectConfigurationPlatforms) = postSolution
		{BE4D5D64-6D41-4DBB-9F20-5B2B41529E65}.Debug|Any CPU.ActiveCfg = Debug|Any CPU
		{BE4D5D64-6D41-4DBB-9F20-5B2B41529E65}.Debug|Any CPU.Build.0 = Debug|Any CPU
		{BE4D5D64-6D41-4DBB-9F20-5B2B41529E65}.Release|Any CPU.ActiveCfg = Release|Any CPU
		{BE4D5D64-6D41-4DBB-9F20-5B2B41529E65}.Release|Any CPU.Build.0 = Release|Any CPU
		{2B0D4FAF-2A7B-4A47-9915-596846FC7DCB}.Debug|Any CPU.ActiveCfg = Debug|Any CPU
		{2B0D4FAF-2A7B-4A47-9915-596846FC7DCB}.Debug|Any CPU.Build.0 = Debug|Any CPU
		{2B0D4FAF-2A7B-4A47-9915-596846FC7DCB}.Release|Any CPU.ActiveCfg = Release|Any CPU
		{2B0D4FAF-2A7B-4A47-9915-596846FC7DCB}.Release|Any CPU.Build.0 = Release|Any CPU
		{2CABA342-707F-4620-A9D9-47AFA80A3F18}.Debug|Any CPU.ActiveCfg = Debug|Any CPU
		{2CABA342-707F-4620-A9D9-47AFA80A3F18}.Debug|Any CPU.Build.0 = Debug|Any CPU
		{2CABA342-707F-4620-A9D9-47AFA80A3F18}.Release|Any CPU.ActiveCfg = Release|Any CPU
		{2CABA342-707F-4620-A9D9-47AFA80A3F18}.Release|Any CPU.Build.0 = Release|Any CPU
		{0E53479C-56AC-473E-AEC7-07FC216B8863}.Debug|Any CPU.ActiveCfg = Debug|Any CPU
		{0E53479C-56AC-473E-AEC7-07FC216B8863}.Debug|Any CPU.Build.0 = Debug|Any CPU
		{0E53479C-56AC-473E-AEC7-07FC216B8863}.Release|Any CPU.ActiveCfg = Release|Any CPU
		{0E53479C-56AC-473E-AEC7-07FC216B8863}.Release|Any CPU.Build.0 = Release|Any CPU
		{5CA8673B-8671-404F-AA6F-45E262952AD5}.Debug|Any CPU.ActiveCfg = Debug|Any CPU
		{5CA8673B-8671-404F-AA6F-45E262952AD5}.Debug|Any CPU.Build.0 = Debug|Any CPU
		{5CA8673B-8671-404F-AA6F-45E262952AD5}.Release|Any CPU.ActiveCfg = Release|Any CPU
		{5CA8673B-8671-404F-AA6F-45E262952AD5}.Release|Any CPU.Build.0 = Release|Any CPU
	EndGlobalSection
	GlobalSection(SolutionProperties) = preSolution
		HideSolutionNode = FALSE
	EndGlobalSection
	GlobalSection(ExtensibilityGlobals) = postSolution
		SolutionGuid = {87CC25AC-4C72-4C90-A1FF-3E6D0193661B}
	EndGlobalSection
EndGlobal
